// !$*UTF8*$!
{
	archiveVersion = 1;
	classes = {
	};
	objectVersion = 46;
	objects = {

/* Begin PBXBuildFile section */
		3D341E921DBC26FF00402329 /* scrollWelcomeViewController.swift in Sources */ = {isa = PBXBuildFile; fileRef = 3D341E911DBC26FF00402329 /* scrollWelcomeViewController.swift */; };
		3D341E941DBD567800402329 /* ConversationsViewController.swift in Sources */ = {isa = PBXBuildFile; fileRef = 3D341E931DBD567800402329 /* ConversationsViewController.swift */; };
		3D341E961DBD621300402329 /* SettingsViewController.swift in Sources */ = {isa = PBXBuildFile; fileRef = 3D341E951DBD621300402329 /* SettingsViewController.swift */; };
		3D341E981DBD6C6800402329 /* CarouselViewController.swift in Sources */ = {isa = PBXBuildFile; fileRef = 3D341E971DBD6C6800402329 /* CarouselViewController.swift */; };
		3D341E9A1DBEDA0A00402329 /* CreateDropboxViewController.swift in Sources */ = {isa = PBXBuildFile; fileRef = 3D341E991DBEDA0A00402329 /* CreateDropboxViewController.swift */; };
		3D341E9C1DBEEDDA00402329 /* UIWebViewController.swift in Sources */ = {isa = PBXBuildFile; fileRef = 3D341E9B1DBEEDDA00402329 /* UIWebViewController.swift */; };
		3DEDA0CD1DB843C2009B9F6A /* AppDelegate.swift in Sources */ = {isa = PBXBuildFile; fileRef = 3DEDA0CC1DB843C2009B9F6A /* AppDelegate.swift */; };
		3DEDA0CF1DB843C2009B9F6A /* ViewController.swift in Sources */ = {isa = PBXBuildFile; fileRef = 3DEDA0CE1DB843C2009B9F6A /* ViewController.swift */; };
		3DEDA0D21DB843C2009B9F6A /* Main.storyboard in Resources */ = {isa = PBXBuildFile; fileRef = 3DEDA0D01DB843C2009B9F6A /* Main.storyboard */; };
		3DEDA0D41DB843C2009B9F6A /* Assets.xcassets in Resources */ = {isa = PBXBuildFile; fileRef = 3DEDA0D31DB843C2009B9F6A /* Assets.xcassets */; };
		3DEDA0D71DB843C2009B9F6A /* LaunchScreen.storyboard in Resources */ = {isa = PBXBuildFile; fileRef = 3DEDA0D51DB843C2009B9F6A /* LaunchScreen.storyboard */; };
		3DEDA0E21DB843C2009B9F6A /* Week_2__CarouselTests.swift in Sources */ = {isa = PBXBuildFile; fileRef = 3DEDA0E11DB843C2009B9F6A /* Week_2__CarouselTests.swift */; };
		3DEDA0ED1DB843C2009B9F6A /* Week_2__CarouselUITests.swift in Sources */ = {isa = PBXBuildFile; fileRef = 3DEDA0EC1DB843C2009B9F6A /* Week_2__CarouselUITests.swift */; };
		3DEDA0FB1DB84D42009B9F6A /* Common.swift in Sources */ = {isa = PBXBuildFile; fileRef = 3DEDA0FA1DB84D42009B9F6A /* Common.swift */; };
		3DEDA0FD1DB84D90009B9F6A /* IntroViewController.swift in Sources */ = {isa = PBXBuildFile; fileRef = 3DEDA0FC1DB84D90009B9F6A /* IntroViewController.swift */; };
		3DEDA0FF1DB84FCA009B9F6A /* LoginViewController.swift in Sources */ = {isa = PBXBuildFile; fileRef = 3DEDA0FE1DB84FCA009B9F6A /* LoginViewController.swift */; };
/* End PBXBuildFile section */

/* Begin PBXContainerItemProxy section */
		3DEDA0DE1DB843C2009B9F6A /* PBXContainerItemProxy */ = {
			isa = PBXContainerItemProxy;
			containerPortal = 3DEDA0C11DB843C1009B9F6A /* Project object */;
			proxyType = 1;
			remoteGlobalIDString = 3DEDA0C81DB843C2009B9F6A;
			remoteInfo = "Week 2- Carousel";
		};
		3DEDA0E91DB843C2009B9F6A /* PBXContainerItemProxy */ = {
			isa = PBXContainerItemProxy;
			containerPortal = 3DEDA0C11DB843C1009B9F6A /* Project object */;
			proxyType = 1;
			remoteGlobalIDString = 3DEDA0C81DB843C2009B9F6A;
			remoteInfo = "Week 2- Carousel";
		};
/* End PBXContainerItemProxy section */

/* Begin PBXFileReference section */
		3D341E911DBC26FF00402329 /* scrollWelcomeViewController.swift */ = {isa = PBXFileReference; fileEncoding = 4; lastKnownFileType = sourcecode.swift; path = scrollWelcomeViewController.swift; sourceTree = "<group>"; };
		3D341E931DBD567800402329 /* ConversationsViewController.swift */ = {isa = PBXFileReference; fileEncoding = 4; lastKnownFileType = sourcecode.swift; path = ConversationsViewController.swift; sourceTree = "<group>"; };
		3D341E951DBD621300402329 /* SettingsViewController.swift */ = {isa = PBXFileReference; fileEncoding = 4; lastKnownFileType = sourcecode.swift; path = SettingsViewController.swift; sourceTree = "<group>"; };
		3D341E971DBD6C6800402329 /* CarouselViewController.swift */ = {isa = PBXFileReference; fileEncoding = 4; lastKnownFileType = sourcecode.swift; path = CarouselViewController.swift; sourceTree = "<group>"; };
		3D341E991DBEDA0A00402329 /* CreateDropboxViewController.swift */ = {isa = PBXFileReference; fileEncoding = 4; lastKnownFileType = sourcecode.swift; path = CreateDropboxViewController.swift; sourceTree = "<group>"; };
		3D341E9B1DBEEDDA00402329 /* UIWebViewController.swift */ = {isa = PBXFileReference; fileEncoding = 4; lastKnownFileType = sourcecode.swift; path = UIWebViewController.swift; sourceTree = "<group>"; };
		3DEDA0C91DB843C2009B9F6A /* Week 2- Carousel.app */ = {isa = PBXFileReference; explicitFileType = wrapper.application; includeInIndex = 0; path = "Week 2- Carousel.app"; sourceTree = BUILT_PRODUCTS_DIR; };
		3DEDA0CC1DB843C2009B9F6A /* AppDelegate.swift */ = {isa = PBXFileReference; lastKnownFileType = sourcecode.swift; path = AppDelegate.swift; sourceTree = "<group>"; };
		3DEDA0CE1DB843C2009B9F6A /* ViewController.swift */ = {isa = PBXFileReference; lastKnownFileType = sourcecode.swift; path = ViewController.swift; sourceTree = "<group>"; };
		3DEDA0D11DB843C2009B9F6A /* Base */ = {isa = PBXFileReference; lastKnownFileType = file.storyboard; name = Base; path = Base.lproj/Main.storyboard; sourceTree = "<group>"; };
		3DEDA0D31DB843C2009B9F6A /* Assets.xcassets */ = {isa = PBXFileReference; lastKnownFileType = folder.assetcatalog; path = Assets.xcassets; sourceTree = "<group>"; };
		3DEDA0D61DB843C2009B9F6A /* Base */ = {isa = PBXFileReference; lastKnownFileType = file.storyboard; name = Base; path = Base.lproj/LaunchScreen.storyboard; sourceTree = "<group>"; };
		3DEDA0D81DB843C2009B9F6A /* Info.plist */ = {isa = PBXFileReference; lastKnownFileType = text.plist.xml; path = Info.plist; sourceTree = "<group>"; };
		3DEDA0DD1DB843C2009B9F6A /* Week 2- CarouselTests.xctest */ = {isa = PBXFileReference; explicitFileType = wrapper.cfbundle; includeInIndex = 0; path = "Week 2- CarouselTests.xctest"; sourceTree = BUILT_PRODUCTS_DIR; };
		3DEDA0E11DB843C2009B9F6A /* Week_2__CarouselTests.swift */ = {isa = PBXFileReference; lastKnownFileType = sourcecode.swift; path = Week_2__CarouselTests.swift; sourceTree = "<group>"; };
		3DEDA0E31DB843C2009B9F6A /* Info.plist */ = {isa = PBXFileReference; lastKnownFileType = text.plist.xml; path = Info.plist; sourceTree = "<group>"; };
		3DEDA0E81DB843C2009B9F6A /* Week 2- CarouselUITests.xctest */ = {isa = PBXFileReference; explicitFileType = wrapper.cfbundle; includeInIndex = 0; path = "Week 2- CarouselUITests.xctest"; sourceTree = BUILT_PRODUCTS_DIR; };
		3DEDA0EC1DB843C2009B9F6A /* Week_2__CarouselUITests.swift */ = {isa = PBXFileReference; lastKnownFileType = sourcecode.swift; path = Week_2__CarouselUITests.swift; sourceTree = "<group>"; };
		3DEDA0EE1DB843C2009B9F6A /* Info.plist */ = {isa = PBXFileReference; lastKnownFileType = text.plist.xml; path = Info.plist; sourceTree = "<group>"; };
		3DEDA0FA1DB84D42009B9F6A /* Common.swift */ = {isa = PBXFileReference; fileEncoding = 4; lastKnownFileType = sourcecode.swift; path = Common.swift; sourceTree = "<group>"; };
		3DEDA0FC1DB84D90009B9F6A /* IntroViewController.swift */ = {isa = PBXFileReference; fileEncoding = 4; lastKnownFileType = sourcecode.swift; path = IntroViewController.swift; sourceTree = "<group>"; };
		3DEDA0FE1DB84FCA009B9F6A /* LoginViewController.swift */ = {isa = PBXFileReference; fileEncoding = 4; lastKnownFileType = sourcecode.swift; path = LoginViewController.swift; sourceTree = "<group>"; };
/* End PBXFileReference section */

/* Begin PBXFrameworksBuildPhase section */
		3DEDA0C61DB843C2009B9F6A /* Frameworks */ = {
			isa = PBXFrameworksBuildPhase;
			buildActionMask = 2147483647;
			files = (
			);
			runOnlyForDeploymentPostprocessing = 0;
		};
		3DEDA0DA1DB843C2009B9F6A /* Frameworks */ = {
			isa = PBXFrameworksBuildPhase;
			buildActionMask = 2147483647;
			files = (
			);
			runOnlyForDeploymentPostprocessing = 0;
		};
		3DEDA0E51DB843C2009B9F6A /* Frameworks */ = {
			isa = PBXFrameworksBuildPhase;
			buildActionMask = 2147483647;
			files = (
			);
			runOnlyForDeploymentPostprocessing = 0;
		};
/* End PBXFrameworksBuildPhase section */

/* Begin PBXGroup section */
		3DEDA0C01DB843C1009B9F6A = {
			isa = PBXGroup;
			children = (
				3D341E9B1DBEEDDA00402329 /* UIWebViewController.swift */,
				3D341E991DBEDA0A00402329 /* CreateDropboxViewController.swift */,
				3DEDA0CB1DB843C2009B9F6A /* Week 2- Carousel */,
				3DEDA0E01DB843C2009B9F6A /* Week 2- CarouselTests */,
				3DEDA0EB1DB843C2009B9F6A /* Week 2- CarouselUITests */,
				3DEDA0CA1DB843C2009B9F6A /* Products */,
			);
			sourceTree = "<group>";
		};
		3DEDA0CA1DB843C2009B9F6A /* Products */ = {
			isa = PBXGroup;
			children = (
				3DEDA0C91DB843C2009B9F6A /* Week 2- Carousel.app */,
				3DEDA0DD1DB843C2009B9F6A /* Week 2- CarouselTests.xctest */,
				3DEDA0E81DB843C2009B9F6A /* Week 2- CarouselUITests.xctest */,
			);
			name = Products;
			sourceTree = "<group>";
		};
		3DEDA0CB1DB843C2009B9F6A /* Week 2- Carousel */ = {
			isa = PBXGroup;
			children = (
				3DEDA0FA1DB84D42009B9F6A /* Common.swift */,
				3DEDA0CC1DB843C2009B9F6A /* AppDelegate.swift */,
				3DEDA0CE1DB843C2009B9F6A /* ViewController.swift */,
				3DEDA0D01DB843C2009B9F6A /* Main.storyboard */,
				3D341E971DBD6C6800402329 /* CarouselViewController.swift */,
				3D341E951DBD621300402329 /* SettingsViewController.swift */,
				3D341E931DBD567800402329 /* ConversationsViewController.swift */,
				3D341E911DBC26FF00402329 /* scrollWelcomeViewController.swift */,
				3DEDA0FE1DB84FCA009B9F6A /* LoginViewController.swift */,
				3DEDA0FC1DB84D90009B9F6A /* IntroViewController.swift */,
				3DEDA0D31DB843C2009B9F6A /* Assets.xcassets */,
				3DEDA0D51DB843C2009B9F6A /* LaunchScreen.storyboard */,
				3DEDA0D81DB843C2009B9F6A /* Info.plist */,
			);
			path = "Week 2- Carousel";
			sourceTree = "<group>";
		};
		3DEDA0E01DB843C2009B9F6A /* Week 2- CarouselTests */ = {
			isa = PBXGroup;
			children = (
				3DEDA0E11DB843C2009B9F6A /* Week_2__CarouselTests.swift */,
				3DEDA0E31DB843C2009B9F6A /* Info.plist */,
			);
			path = "Week 2- CarouselTests";
			sourceTree = "<group>";
		};
		3DEDA0EB1DB843C2009B9F6A /* Week 2- CarouselUITests */ = {
			isa = PBXGroup;
			children = (
				3DEDA0EC1DB843C2009B9F6A /* Week_2__CarouselUITests.swift */,
				3DEDA0EE1DB843C2009B9F6A /* Info.plist */,
			);
			path = "Week 2- CarouselUITests";
			sourceTree = "<group>";
		};
/* End PBXGroup section */

/* Begin PBXNativeTarget section */
		3DEDA0C81DB843C2009B9F6A /* Week 2- Carousel */ = {
			isa = PBXNativeTarget;
			buildConfigurationList = 3DEDA0F11DB843C2009B9F6A /* Build configuration list for PBXNativeTarget "Week 2- Carousel" */;
			buildPhases = (
				3DEDA0C51DB843C2009B9F6A /* Sources */,
				3DEDA0C61DB843C2009B9F6A /* Frameworks */,
				3DEDA0C71DB843C2009B9F6A /* Resources */,
			);
			buildRules = (
			);
			dependencies = (
			);
			name = "Week 2- Carousel";
			productName = "Week 2- Carousel";
			productReference = 3DEDA0C91DB843C2009B9F6A /* Week 2- Carousel.app */;
			productType = "com.apple.product-type.application";
		};
		3DEDA0DC1DB843C2009B9F6A /* Week 2- CarouselTests */ = {
			isa = PBXNativeTarget;
			buildConfigurationList = 3DEDA0F41DB843C2009B9F6A /* Build configuration list for PBXNativeTarget "Week 2- CarouselTests" */;
			buildPhases = (
				3DEDA0D91DB843C2009B9F6A /* Sources */,
				3DEDA0DA1DB843C2009B9F6A /* Frameworks */,
				3DEDA0DB1DB843C2009B9F6A /* Resources */,
			);
			buildRules = (
			);
			dependencies = (
				3DEDA0DF1DB843C2009B9F6A /* PBXTargetDependency */,
			);
			name = "Week 2- CarouselTests";
			productName = "Week 2- CarouselTests";
			productReference = 3DEDA0DD1DB843C2009B9F6A /* Week 2- CarouselTests.xctest */;
			productType = "com.apple.product-type.bundle.unit-test";
		};
		3DEDA0E71DB843C2009B9F6A /* Week 2- CarouselUITests */ = {
			isa = PBXNativeTarget;
			buildConfigurationList = 3DEDA0F71DB843C2009B9F6A /* Build configuration list for PBXNativeTarget "Week 2- CarouselUITests" */;
			buildPhases = (
				3DEDA0E41DB843C2009B9F6A /* Sources */,
				3DEDA0E51DB843C2009B9F6A /* Frameworks */,
				3DEDA0E61DB843C2009B9F6A /* Resources */,
			);
			buildRules = (
			);
			dependencies = (
				3DEDA0EA1DB843C2009B9F6A /* PBXTargetDependency */,
			);
			name = "Week 2- CarouselUITests";
			productName = "Week 2- CarouselUITests";
			productReference = 3DEDA0E81DB843C2009B9F6A /* Week 2- CarouselUITests.xctest */;
			productType = "com.apple.product-type.bundle.ui-testing";
		};
/* End PBXNativeTarget section */

/* Begin PBXProject section */
		3DEDA0C11DB843C1009B9F6A /* Project object */ = {
			isa = PBXProject;
			attributes = {
				LastSwiftUpdateCheck = 0800;
				LastUpgradeCheck = 0800;
				ORGANIZATIONNAME = "Lauren Tindal";
				TargetAttributes = {
					3DEDA0C81DB843C2009B9F6A = {
						CreatedOnToolsVersion = 8.0;
						ProvisioningStyle = Automatic;
					};
					3DEDA0DC1DB843C2009B9F6A = {
						CreatedOnToolsVersion = 8.0;
						ProvisioningStyle = Automatic;
						TestTargetID = 3DEDA0C81DB843C2009B9F6A;
					};
					3DEDA0E71DB843C2009B9F6A = {
						CreatedOnToolsVersion = 8.0;
						ProvisioningStyle = Automatic;
						TestTargetID = 3DEDA0C81DB843C2009B9F6A;
					};
				};
			};
			buildConfigurationList = 3DEDA0C41DB843C2009B9F6A /* Build configuration list for PBXProject "Week 2- Carousel" */;
			compatibilityVersion = "Xcode 3.2";
			developmentRegion = English;
			hasScannedForEncodings = 0;
			knownRegions = (
				en,
				Base,
			);
			mainGroup = 3DEDA0C01DB843C1009B9F6A;
			productRefGroup = 3DEDA0CA1DB843C2009B9F6A /* Products */;
			projectDirPath = "";
			projectRoot = "";
			targets = (
				3DEDA0C81DB843C2009B9F6A /* Week 2- Carousel */,
				3DEDA0DC1DB843C2009B9F6A /* Week 2- CarouselTests */,
				3DEDA0E71DB843C2009B9F6A /* Week 2- CarouselUITests */,
			);
		};
/* End PBXProject section */

/* Begin PBXResourcesBuildPhase section */
		3DEDA0C71DB843C2009B9F6A /* Resources */ = {
			isa = PBXResourcesBuildPhase;
			buildActionMask = 2147483647;
			files = (
				3DEDA0D71DB843C2009B9F6A /* LaunchScreen.storyboard in Resources */,
				3DEDA0D41DB843C2009B9F6A /* Assets.xcassets in Resources */,
				3DEDA0D21DB843C2009B9F6A /* Main.storyboard in Resources */,
			);
			runOnlyForDeploymentPostprocessing = 0;
		};
		3DEDA0DB1DB843C2009B9F6A /* Resources */ = {
			isa = PBXResourcesBuildPhase;
			buildActionMask = 2147483647;
			files = (
			);
			runOnlyForDeploymentPostprocessing = 0;
		};
		3DEDA0E61DB843C2009B9F6A /* Resources */ = {
			isa = PBXResourcesBuildPhase;
			buildActionMask = 2147483647;
			files = (
			);
			runOnlyForDeploymentPostprocessing = 0;
		};
/* End PBXResourcesBuildPhase section */

/* Begin PBXSourcesBuildPhase section */
		3DEDA0C51DB843C2009B9F6A /* Sources */ = {
			isa = PBXSourcesBuildPhase;
			buildActionMask = 2147483647;
			files = (
				3DEDA0CF1DB843C2009B9F6A /* ViewController.swift in Sources */,
				3DEDA0FB1DB84D42009B9F6A /* Common.swift in Sources */,
				3D341E941DBD567800402329 /* ConversationsViewController.swift in Sources */,
				3D341E921DBC26FF00402329 /* scrollWelcomeViewController.swift in Sources */,
				3DEDA0CD1DB843C2009B9F6A /* AppDelegate.swift in Sources */,
				3D341E9C1DBEEDDA00402329 /* UIWebViewController.swift in Sources */,
				3D341E9A1DBEDA0A00402329 /* CreateDropboxViewController.swift in Sources */,
				3DEDA0FF1DB84FCA009B9F6A /* LoginViewController.swift in Sources */,
				3DEDA0FD1DB84D90009B9F6A /* IntroViewController.swift in Sources */,
				3D341E981DBD6C6800402329 /* CarouselViewController.swift in Sources */,
				3D341E961DBD621300402329 /* SettingsViewController.swift in Sources */,
			);
			runOnlyForDeploymentPostprocessing = 0;
		};
		3DEDA0D91DB843C2009B9F6A /* Sources */ = {
			isa = PBXSourcesBuildPhase;
			buildActionMask = 2147483647;
			files = (
				3DEDA0E21DB843C2009B9F6A /* Week_2__CarouselTests.swift in Sources */,
			);
			runOnlyForDeploymentPostprocessing = 0;
		};
		3DEDA0E41DB843C2009B9F6A /* Sources */ = {
			isa = PBXSourcesBuildPhase;
			buildActionMask = 2147483647;
			files = (
				3DEDA0ED1DB843C2009B9F6A /* Week_2__CarouselUITests.swift in Sources */,
			);
			runOnlyForDeploymentPostprocessing = 0;
		};
/* End PBXSourcesBuildPhase section */

/* Begin PBXTargetDependency section */
		3DEDA0DF1DB843C2009B9F6A /* PBXTargetDependency */ = {
			isa = PBXTargetDependency;
			target = 3DEDA0C81DB843C2009B9F6A /* Week 2- Carousel */;
			targetProxy = 3DEDA0DE1DB843C2009B9F6A /* PBXContainerItemProxy */;
		};
		3DEDA0EA1DB843C2009B9F6A /* PBXTargetDependency */ = {
			isa = PBXTargetDependency;
			target = 3DEDA0C81DB843C2009B9F6A /* Week 2- Carousel */;
			targetProxy = 3DEDA0E91DB843C2009B9F6A /* PBXContainerItemProxy */;
		};
/* End PBXTargetDependency section */

/* Begin PBXVariantGroup section */
		3DEDA0D01DB843C2009B9F6A /* Main.storyboard */ = {
			isa = PBXVariantGroup;
			children = (
				3DEDA0D11DB843C2009B9F6A /* Base */,
			);
			name = Main.storyboard;
			sourceTree = "<group>";
		};
		3DEDA0D51DB843C2009B9F6A /* LaunchScreen.storyboard */ = {
			isa = PBXVariantGroup;
			children = (
				3DEDA0D61DB843C2009B9F6A /* Base */,
			);
			name = LaunchScreen.storyboard;
			sourceTree = "<group>";
		};
/* End PBXVariantGroup section */

/* Begin XCBuildConfiguration section */
		3DEDA0EF1DB843C2009B9F6A /* Debug */ = {
			isa = XCBuildConfiguration;
			buildSettings = {
				ALWAYS_SEARCH_USER_PATHS = NO;
				CLANG_ANALYZER_NONNULL = YES;
				CLANG_CXX_LANGUAGE_STANDARD = "gnu++0x";
				CLANG_CXX_LIBRARY = "libc++";
				CLANG_ENABLE_MODULES = YES;
				CLANG_ENABLE_OBJC_ARC = YES;
				CLANG_WARN_BOOL_CONVERSION = YES;
				CLANG_WARN_CONSTANT_CONVERSION = YES;
				CLANG_WARN_DIRECT_OBJC_ISA_USAGE = YES_ERROR;
				CLANG_WARN_DOCUMENTATION_COMMENTS = YES;
				CLANG_WARN_EMPTY_BODY = YES;
				CLANG_WARN_ENUM_CONVERSION = YES;
				CLANG_WARN_INFINITE_RECURSION = YES;
				CLANG_WARN_INT_CONVERSION = YES;
				CLANG_WARN_OBJC_ROOT_CLASS = YES_ERROR;
				CLANG_WARN_SUSPICIOUS_MOVES = YES;
				CLANG_WARN_UNREACHABLE_CODE = YES;
				CLANG_WARN__DUPLICATE_METHOD_MATCH = YES;
				"CODE_SIGN_IDENTITY[sdk=iphoneos*]" = "iPhone Developer";
				COPY_PHASE_STRIP = NO;
				DEBUG_INFORMATION_FORMAT = dwarf;
				ENABLE_STRICT_OBJC_MSGSEND = YES;
				ENABLE_TESTABILITY = YES;
				GCC_C_LANGUAGE_STANDARD = gnu99;
				GCC_DYNAMIC_NO_PIC = NO;
				GCC_NO_COMMON_BLOCKS = YES;
				GCC_OPTIMIZATION_LEVEL = 0;
				GCC_PREPROCESSOR_DEFINITIONS = (
					"DEBUG=1",
					"$(inherited)",
				);
				GCC_WARN_64_TO_32_BIT_CONVERSION = YES;
				GCC_WARN_ABOUT_RETURN_TYPE = YES_ERROR;
				GCC_WARN_UNDECLARED_SELECTOR = YES;
				GCC_WARN_UNINITIALIZED_AUTOS = YES_AGGRESSIVE;
				GCC_WARN_UNUSED_FUNCTION = YES;
				GCC_WARN_UNUSED_VARIABLE = YES;
				IPHONEOS_DEPLOYMENT_TARGET = 10.0;
				MTL_ENABLE_DEBUG_INFO = YES;
				ONLY_ACTIVE_ARCH = YES;
				SDKROOT = iphoneos;
				SWIFT_ACTIVE_COMPILATION_CONDITIONS = DEBUG;
				SWIFT_OPTIMIZATION_LEVEL = "-Onone";
			};
			name = Debug;
		};
		3DEDA0F01DB843C2009B9F6A /* Release */ = {
			isa = XCBuildConfiguration;
			buildSettings = {
				ALWAYS_SEARCH_USER_PATHS = NO;
				CLANG_ANALYZER_NONNULL = YES;
				CLANG_CXX_LANGUAGE_STANDARD = "gnu++0x";
				CLANG_CXX_LIBRARY = "libc++";
				CLANG_ENABLE_MODULES = YES;
				CLANG_ENABLE_OBJC_ARC = YES;
				CLANG_WARN_BOOL_CONVERSION = YES;
				CLANG_WARN_CONSTANT_CONVERSION = YES;
				CLANG_WARN_DIRECT_OBJC_ISA_USAGE = YES_ERROR;
				CLANG_WARN_DOCUMENTATION_COMMENTS = YES;
				CLANG_WARN_EMPTY_BODY = YES;
				CLANG_WARN_ENUM_CONVERSION = YES;
				CLANG_WARN_INFINITE_RECURSION = YES;
				CLANG_WARN_INT_CONVERSION = YES;
				CLANG_WARN_OBJC_ROOT_CLASS = YES_ERROR;
				CLANG_WARN_SUSPICIOUS_MOVES = YES;
				CLANG_WARN_UNREACHABLE_CODE = YES;
				CLANG_WARN__DUPLICATE_METHOD_MATCH = YES;
				"CODE_SIGN_IDENTITY[sdk=iphoneos*]" = "iPhone Developer";
				COPY_PHASE_STRIP = NO;
				DEBUG_INFORMATION_FORMAT = "dwarf-with-dsym";
				ENABLE_NS_ASSERTIONS = NO;
				ENABLE_STRICT_OBJC_MSGSEND = YES;
				GCC_C_LANGUAGE_STANDARD = gnu99;
				GCC_NO_COMMON_BLOCKS = YES;
				GCC_WARN_64_TO_32_BIT_CONVERSION = YES;
				GCC_WARN_ABOUT_RETURN_TYPE = YES_ERROR;
				GCC_WARN_UNDECLARED_SELECTOR = YES;
				GCC_WARN_UNINITIALIZED_AUTOS = YES_AGGRESSIVE;
				GCC_WARN_UNUSED_FUNCTION = YES;
				GCC_WARN_UNUSED_VARIABLE = YES;
				IPHONEOS_DEPLOYMENT_TARGET = 10.0;
				MTL_ENABLE_DEBUG_INFO = NO;
				SDKROOT = iphoneos;
				SWIFT_OPTIMIZATION_LEVEL = "-Owholemodule";
				VALIDATE_PRODUCT = YES;
			};
			name = Release;
		};
		3DEDA0F21DB843C2009B9F6A /* Debug */ = {
			isa = XCBuildConfiguration;
			buildSettings = {
				ASSETCATALOG_COMPILER_APPICON_NAME = AppIcon;
				INFOPLIST_FILE = "Week 2- Carousel/Info.plist";
				LD_RUNPATH_SEARCH_PATHS = "$(inherited) @executable_path/Frameworks";
				PRODUCT_BUNDLE_IDENTIFIER = "codepath.Week-2--Carousel";
				PRODUCT_NAME = "$(TARGET_NAME)";
				SWIFT_VERSION = 3.0;
			};
			name = Debug;
		};
		3DEDA0F31DB843C2009B9F6A /* Release */ = {
			isa = XCBuildConfiguration;
			buildSettings = {
				ASSETCATALOG_COMPILER_APPICON_NAME = AppIcon;
				INFOPLIST_FILE = "Week 2- Carousel/Info.plist";
				LD_RUNPATH_SEARCH_PATHS = "$(inherited) @executable_path/Frameworks";
				PRODUCT_BUNDLE_IDENTIFIER = "codepath.Week-2--Carousel";
				PRODUCT_NAME = "$(TARGET_NAME)";
				SWIFT_VERSION = 3.0;
			};
			name = Release;
		};
		3DEDA0F51DB843C2009B9F6A /* Debug */ = {
			isa = XCBuildConfiguration;
			buildSettings = {
				ALWAYS_EMBED_SWIFT_STANDARD_LIBRARIES = YES;
				BUNDLE_LOADER = "$(TEST_HOST)";
				INFOPLIST_FILE = "Week 2- CarouselTests/Info.plist";
				LD_RUNPATH_SEARCH_PATHS = "$(inherited) @executable_path/Frameworks @loader_path/Frameworks";
				PRODUCT_BUNDLE_IDENTIFIER = "codepath.Week-2--CarouselTests";
				PRODUCT_NAME = "$(TARGET_NAME)";
				SWIFT_VERSION = 3.0;
				TEST_HOST = "$(BUILT_PRODUCTS_DIR)/Week 2- Carousel.app/Week 2- Carousel";
			};
			name = Debug;
		};
		3DEDA0F61DB843C2009B9F6A /* Release */ = {
			isa = XCBuildConfiguration;
			buildSettings = {
				ALWAYS_EMBED_SWIFT_STANDARD_LIBRARIES = YES;
				BUNDLE_LOADER = "$(TEST_HOST)";
				INFOPLIST_FILE = "Week 2- CarouselTests/Info.plist";
				LD_RUNPATH_SEARCH_PATHS = "$(inherited) @executable_path/Frameworks @loader_path/Frameworks";
				PRODUCT_BUNDLE_IDENTIFIER = "codepath.Week-2--CarouselTests";
				PRODUCT_NAME = "$(TARGET_NAME)";
				SWIFT_VERSION = 3.0;
				TEST_HOST = "$(BUILT_PRODUCTS_DIR)/Week 2- Carousel.app/Week 2- Carousel";
			};
			name = Release;
		};
		3DEDA0F81DB843C2009B9F6A /* Debug */ = {
			isa = XCBuildConfiguration;
			buildSettings = {
				ALWAYS_EMBED_SWIFT_STANDARD_LIBRARIES = YES;
				INFOPLIST_FILE = "Week 2- CarouselUITests/Info.plist";
				LD_RUNPATH_SEARCH_PATHS = "$(inherited) @executable_path/Frameworks @loader_path/Frameworks";
				PRODUCT_BUNDLE_IDENTIFIER = "codepath.Week-2--CarouselUITests";
				PRODUCT_NAME = "$(TARGET_NAME)";
				SWIFT_VERSION = 3.0;
				TEST_TARGET_NAME = "Week 2- Carousel";
			};
			name = Debug;
		};
		3DEDA0F91DB843C2009B9F6A /* Release */ = {
			isa = XCBuildConfiguration;
			buildSettings = {
				ALWAYS_EMBED_SWIFT_STANDARD_LIBRARIES = YES;
				INFOPLIST_FILE = "Week 2- CarouselUITests/Info.plist";
				LD_RUNPATH_SEARCH_PATHS = "$(inherited) @executable_path/Frameworks @loader_path/Frameworks";
				PRODUCT_BUNDLE_IDENTIFIER = "codepath.Week-2--CarouselUITests";
				PRODUCT_NAME = "$(TARGET_NAME)";
				SWIFT_VERSION = 3.0;
				TEST_TARGET_NAME = "Week 2- Carousel";
			};
			name = Release;
		};
/* End XCBuildConfiguration section */

/* Begin XCConfigurationList section */
		3DEDA0C41DB843C2009B9F6A /* Build configuration list for PBXProject "Week 2- Carousel" */ = {
			isa = XCConfigurationList;
			buildConfigurations = (
				3DEDA0EF1DB843C2009B9F6A /* Debug */,
				3DEDA0F01DB843C2009B9F6A /* Release */,
			);
			defaultConfigurationIsVisible = 0;
			defaultConfigurationName = Release;
		};
		3DEDA0F11DB843C2009B9F6A /* Build configuration list for PBXNativeTarget "Week 2- Carousel" */ = {
			isa = XCConfigurationList;
			buildConfigurations = (
				3DEDA0F21DB843C2009B9F6A /* Debug */,
				3DEDA0F31DB843C2009B9F6A /* Release */,
			);
			defaultConfigurationIsVisible = 0;
			defaultConfigurationName = Release;
		};
		3DEDA0F41DB843C2009B9F6A /* Build configuration list for PBXNativeTarget "Week 2- CarouselTests" */ = {
			isa = XCConfigurationList;
			buildConfigurations = (
				3DEDA0F51DB843C2009B9F6A /* Debug */,
				3DEDA0F61DB843C2009B9F6A /* Release */,
			);
			defaultConfigurationIsVisible = 0;
			defaultConfigurationName = Release;
		};
		3DEDA0F71DB843C2009B9F6A /* Build configuration list for PBXNativeTarget "Week 2- CarouselUITests" */ = {
			isa = XCConfigurationList;
			buildConfigurations = (
				3DEDA0F81DB843C2009B9F6A /* Debug */,
				3DEDA0F91DB843C2009B9F6A /* Release */,
			);
			defaultConfigurationIsVisible = 0;
			defaultConfigurationName = Release;
		};
/* End XCConfigurationList section */
	};
	rootObject = 3DEDA0C11DB843C1009B9F6A /* Project object */;
}
